
Microsoft Visual Studio Solution File, Format Version 12.00
# Visual Studio Version 17
VisualStudioVersion = 17.12.35707.178
MinimumVisualStudioVersion = 10.0.40219.1
Project("{FAE04EC0-301F-11D3-BF4B-00C04F79EFBC}") = "VMCSpout", "VMCSpout\VMCSpout.csproj", "{B6D8CFD2-C280-4F54-8980-EC9F94BF9B1A}"
EndProject
Project("{FAE04EC0-301F-11D3-BF4B-00C04F79EFBC}") = "VMCSpoutSettingWPF", "VMCSpoutSettingWPF\VMCSpoutSettingWPF.csproj", "{797E7E7F-226C-449F-AA6A-16D650299D18}"
EndProject
Global
	GlobalSection(SolutionConfigurationPlatforms) = preSolution
		Debug|Any CPU = Debug|Any CPU
		Release|Any CPU = Release|Any CPU
	EndGlobalSection
	GlobalSection(ProjectConfigurationPlatforms) = postSolution
		{B6D8CFD2-C280-4F54-8980-EC9F94BF9B1A}.Debug|Any CPU.ActiveCfg = Debug|Any CPU
		{B6D8CFD2-C280-4F54-8980-EC9F94BF9B1A}.Debug|Any CPU.Build.0 = Debug|Any CPU
		{B6D8CFD2-C280-4F54-8980-EC9F94BF9B1A}.Release|Any CPU.ActiveCfg = Release|Any CPU
		{B6D8CFD2-C280-4F54-8980-EC9F94BF9B1A}.Release|Any CPU.Build.0 = Release|Any CPU
		{797E7E7F-226C-449F-AA6A-16D650299D18}.Debug|Any CPU.ActiveCfg = Debug|Any CPU
		{797E7E7F-226C-449F-AA6A-16D650299D18}.Debug|Any CPU.Build.0 = Debug|Any CPU
		{797E7E7F-226C-449F-AA6A-16D650299D18}.Release|Any CPU.ActiveCfg = Release|Any CPU
		{797E7E7F-226C-449F-AA6A-16D650299D18}.Release|Any CPU.Build.0 = Release|Any CPU
	EndGlobalSection
	GlobalSection(SolutionProperties) = preSolution
		HideSolutionNode = FALSE
	EndGlobalSection
EndGlobal
